// !$*UTF8*$!
{
	archiveVersion = 1;
	classes = {
	};
	objectVersion = 55;
	objects = {

/* Begin PBXBuildFile section */
		03A5354228A7795B0007BCCF /* AppDelegate.swift in Sources */ = {isa = PBXBuildFile; fileRef = 03A5354128A7795B0007BCCF /* AppDelegate.swift */; };
		03A5354428A7795B0007BCCF /* SceneDelegate.swift in Sources */ = {isa = PBXBuildFile; fileRef = 03A5354328A7795B0007BCCF /* SceneDelegate.swift */; };
		03A5354628A7795B0007BCCF /* ViewController.swift in Sources */ = {isa = PBXBuildFile; fileRef = 03A5354528A7795B0007BCCF /* ViewController.swift */; };
		03A5354928A7795B0007BCCF /* Main.storyboard in Resources */ = {isa = PBXBuildFile; fileRef = 03A5354728A7795B0007BCCF /* Main.storyboard */; };
		03A5354B28A7795C0007BCCF /* Assets.xcassets in Resources */ = {isa = PBXBuildFile; fileRef = 03A5354A28A7795C0007BCCF /* Assets.xcassets */; };
		03A5354E28A7795C0007BCCF /* LaunchScreen.storyboard in Resources */ = {isa = PBXBuildFile; fileRef = 03A5354C28A7795C0007BCCF /* LaunchScreen.storyboard */; };
		4919A8C228A7821900B531C2 /* search.png in Resources */ = {isa = PBXBuildFile; fileRef = 4919A8C128A7821900B531C2 /* search.png */; };
		4919A8C528A7825800B531C2 /* map.png in Resources */ = {isa = PBXBuildFile; fileRef = 4919A8C328A7825700B531C2 /* map.png */; };
		4919A8C628A7825800B531C2 /* main.png in Resources */ = {isa = PBXBuildFile; fileRef = 4919A8C428A7825800B531C2 /* main.png */; };
		4919A8CA28A783E200B531C2 /* naverlogin.png in Resources */ = {isa = PBXBuildFile; fileRef = 4919A8C728A783E200B531C2 /* naverlogin.png */; };
		4919A8CB28A783E200B531C2 /* kakaologin.png in Resources */ = {isa = PBXBuildFile; fileRef = 4919A8C828A783E200B531C2 /* kakaologin.png */; };
		4919A8CC28A783E200B531C2 /* googlelogin.png in Resources */ = {isa = PBXBuildFile; fileRef = 4919A8C928A783E200B531C2 /* googlelogin.png */; };
		4919A8CE28A7844500B531C2 /* BIOMlaunch.png in Resources */ = {isa = PBXBuildFile; fileRef = 4919A8CD28A7844500B531C2 /* BIOMlaunch.png */; };
		4919A8D028A7891800B531C2 /* SettingViewController.swift in Sources */ = {isa = PBXBuildFile; fileRef = 4919A8CF28A7891800B531C2 /* SettingViewController.swift */; };
		49E3700028A78D1700E7EF07 /* SettingCell.swift in Sources */ = {isa = PBXBuildFile; fileRef = 49E36FFF28A78D1700E7EF07 /* SettingCell.swift */; };
		49E3700428A7B32500E7EF07 /* MainViewController.swift in Sources */ = {isa = PBXBuildFile; fileRef = 49E3700328A7B32500E7EF07 /* MainViewController.swift */; };
		49E3700628A8077200E7EF07 /* MapViewController.swift in Sources */ = {isa = PBXBuildFile; fileRef = 49E3700528A8077200E7EF07 /* MapViewController.swift */; };
		E59BADAC2A8DD8E3B97D3EE8 /* Pods_Biom.framework in Frameworks */ = {isa = PBXBuildFile; fileRef = 8B76E06B49B76B4F2599EB9D /* Pods_Biom.framework */; };
/* End PBXBuildFile section */

/* Begin PBXFileReference section */
		03A5353E28A7795B0007BCCF /* Biom.app */ = {isa = PBXFileReference; explicitFileType = wrapper.application; includeInIndex = 0; path = Biom.app; sourceTree = BUILT_PRODUCTS_DIR; };
		03A5354128A7795B0007BCCF /* AppDelegate.swift */ = {isa = PBXFileReference; lastKnownFileType = sourcecode.swift; path = AppDelegate.swift; sourceTree = "<group>"; };
		03A5354328A7795B0007BCCF /* SceneDelegate.swift */ = {isa = PBXFileReference; lastKnownFileType = sourcecode.swift; path = SceneDelegate.swift; sourceTree = "<group>"; };
		03A5354528A7795B0007BCCF /* ViewController.swift */ = {isa = PBXFileReference; lastKnownFileType = sourcecode.swift; path = ViewController.swift; sourceTree = "<group>"; };
		03A5354828A7795B0007BCCF /* Base */ = {isa = PBXFileReference; lastKnownFileType = file.storyboard; name = Base; path = Base.lproj/Main.storyboard; sourceTree = "<group>"; };
		03A5354A28A7795C0007BCCF /* Assets.xcassets */ = {isa = PBXFileReference; lastKnownFileType = folder.assetcatalog; path = Assets.xcassets; sourceTree = "<group>"; };
		03A5354D28A7795C0007BCCF /* Base */ = {isa = PBXFileReference; lastKnownFileType = file.storyboard; name = Base; path = Base.lproj/LaunchScreen.storyboard; sourceTree = "<group>"; };
		03A5354F28A7795C0007BCCF /* Info.plist */ = {isa = PBXFileReference; lastKnownFileType = text.plist.xml; path = Info.plist; sourceTree = "<group>"; };
		4919A8C128A7821900B531C2 /* search.png */ = {isa = PBXFileReference; lastKnownFileType = image.png; path = search.png; sourceTree = "<group>"; };
		4919A8C328A7825700B531C2 /* map.png */ = {isa = PBXFileReference; lastKnownFileType = image.png; path = map.png; sourceTree = "<group>"; };
		4919A8C428A7825800B531C2 /* main.png */ = {isa = PBXFileReference; lastKnownFileType = image.png; path = main.png; sourceTree = "<group>"; };
		4919A8C728A783E200B531C2 /* naverlogin.png */ = {isa = PBXFileReference; lastKnownFileType = image.png; path = naverlogin.png; sourceTree = "<group>"; };
		4919A8C828A783E200B531C2 /* kakaologin.png */ = {isa = PBXFileReference; lastKnownFileType = image.png; path = kakaologin.png; sourceTree = "<group>"; };
		4919A8C928A783E200B531C2 /* googlelogin.png */ = {isa = PBXFileReference; lastKnownFileType = image.png; path = googlelogin.png; sourceTree = "<group>"; };
		4919A8CD28A7844500B531C2 /* BIOMlaunch.png */ = {isa = PBXFileReference; lastKnownFileType = image.png; path = BIOMlaunch.png; sourceTree = "<group>"; };
		4919A8CF28A7891800B531C2 /* SettingViewController.swift */ = {isa = PBXFileReference; lastKnownFileType = sourcecode.swift; path = SettingViewController.swift; sourceTree = "<group>"; };
		49E36FFF28A78D1700E7EF07 /* SettingCell.swift */ = {isa = PBXFileReference; lastKnownFileType = sourcecode.swift; path = SettingCell.swift; sourceTree = "<group>"; };
		49E3700328A7B32500E7EF07 /* MainViewController.swift */ = {isa = PBXFileReference; lastKnownFileType = sourcecode.swift; path = MainViewController.swift; sourceTree = "<group>"; };
		49E3700528A8077200E7EF07 /* MapViewController.swift */ = {isa = PBXFileReference; lastKnownFileType = sourcecode.swift; path = MapViewController.swift; sourceTree = "<group>"; };
		592ABB5328143F73D9A066AB /* Pods-Biom.release.xcconfig */ = {isa = PBXFileReference; includeInIndex = 1; lastKnownFileType = text.xcconfig; name = "Pods-Biom.release.xcconfig"; path = "Target Support Files/Pods-Biom/Pods-Biom.release.xcconfig"; sourceTree = "<group>"; };
		72029358D5E50FE134A0816B /* Pods-Biom.debug.xcconfig */ = {isa = PBXFileReference; includeInIndex = 1; lastKnownFileType = text.xcconfig; name = "Pods-Biom.debug.xcconfig"; path = "Target Support Files/Pods-Biom/Pods-Biom.debug.xcconfig"; sourceTree = "<group>"; };
		8B76E06B49B76B4F2599EB9D /* Pods_Biom.framework */ = {isa = PBXFileReference; explicitFileType = wrapper.framework; includeInIndex = 0; path = Pods_Biom.framework; sourceTree = BUILT_PRODUCTS_DIR; };
/* End PBXFileReference section */

/* Begin PBXFrameworksBuildPhase section */
		03A5353B28A7795B0007BCCF /* Frameworks */ = {
			isa = PBXFrameworksBuildPhase;
			buildActionMask = 2147483647;
			files = (
				E59BADAC2A8DD8E3B97D3EE8 /* Pods_Biom.framework in Frameworks */,
			);
			runOnlyForDeploymentPostprocessing = 0;
		};
/* End PBXFrameworksBuildPhase section */

/* Begin PBXGroup section */
		03A5353528A7795B0007BCCF = {
			isa = PBXGroup;
			children = (
				03A5354028A7795B0007BCCF /* Biom */,
				03A5353F28A7795B0007BCCF /* Products */,
				79E9AC4971EFC382DD754EC1 /* Pods */,
				2988B65F87952B225715937E /* Frameworks */,
			);
			sourceTree = "<group>";
		};
		03A5353F28A7795B0007BCCF /* Products */ = {
			isa = PBXGroup;
			children = (
				03A5353E28A7795B0007BCCF /* Biom.app */,
			);
			name = Products;
			sourceTree = "<group>";
		};
		03A5354028A7795B0007BCCF /* Biom */ = {
			isa = PBXGroup;
			children = (
				4919A8CD28A7844500B531C2 /* BIOMlaunch.png */,
				4919A8C928A783E200B531C2 /* googlelogin.png */,
				4919A8C828A783E200B531C2 /* kakaologin.png */,
				4919A8C728A783E200B531C2 /* naverlogin.png */,
				4919A8C428A7825800B531C2 /* main.png */,
				4919A8C328A7825700B531C2 /* map.png */,
				4919A8C128A7821900B531C2 /* search.png */,
				03A5354128A7795B0007BCCF /* AppDelegate.swift */,
				03A5354328A7795B0007BCCF /* SceneDelegate.swift */,
				03A5354528A7795B0007BCCF /* ViewController.swift */,
				03A5354728A7795B0007BCCF /* Main.storyboard */,
				03A5354A28A7795C0007BCCF /* Assets.xcassets */,
				03A5354C28A7795C0007BCCF /* LaunchScreen.storyboard */,
				03A5354F28A7795C0007BCCF /* Info.plist */,
				4919A8CF28A7891800B531C2 /* SettingViewController.swift */,
				49E36FFF28A78D1700E7EF07 /* SettingCell.swift */,
				49E3700328A7B32500E7EF07 /* MainViewController.swift */,
				49E3700528A8077200E7EF07 /* MapViewController.swift */,
			);
			path = Biom;
			sourceTree = "<group>";
		};
		2988B65F87952B225715937E /* Frameworks */ = {
			isa = PBXGroup;
			children = (
				8B76E06B49B76B4F2599EB9D /* Pods_Biom.framework */,
			);
			name = Frameworks;
			sourceTree = "<group>";
		};
		79E9AC4971EFC382DD754EC1 /* Pods */ = {
			isa = PBXGroup;
			children = (
				72029358D5E50FE134A0816B /* Pods-Biom.debug.xcconfig */,
				592ABB5328143F73D9A066AB /* Pods-Biom.release.xcconfig */,
			);
			path = Pods;
			sourceTree = "<group>";
		};
/* End PBXGroup section */

/* Begin PBXNativeTarget section */
		03A5353D28A7795B0007BCCF /* Biom */ = {
			isa = PBXNativeTarget;
			buildConfigurationList = 03A5355228A7795C0007BCCF /* Build configuration list for PBXNativeTarget "Biom" */;
			buildPhases = (
				389A377088FCD95777256D8F /* [CP] Check Pods Manifest.lock */,
				03A5353A28A7795B0007BCCF /* Sources */,
				03A5353B28A7795B0007BCCF /* Frameworks */,
				03A5353C28A7795B0007BCCF /* Resources */,
				637D7D42E53082C0A2637ADD /* [CP] Embed Pods Frameworks */,
			);
			buildRules = (
			);
			dependencies = (
			);
			name = Biom;
			productName = Biom;
			productReference = 03A5353E28A7795B0007BCCF /* Biom.app */;
			productType = "com.apple.product-type.application";
		};
/* End PBXNativeTarget section */

/* Begin PBXProject section */
		03A5353628A7795B0007BCCF /* Project object */ = {
			isa = PBXProject;
			attributes = {
				BuildIndependentTargetsInParallel = 1;
				LastSwiftUpdateCheck = 1310;
				LastUpgradeCheck = 1310;
				TargetAttributes = {
					03A5353D28A7795B0007BCCF = {
						CreatedOnToolsVersion = 13.1;
					};
				};
			};
			buildConfigurationList = 03A5353928A7795B0007BCCF /* Build configuration list for PBXProject "Biom" */;
			compatibilityVersion = "Xcode 13.0";
			developmentRegion = en;
			hasScannedForEncodings = 0;
			knownRegions = (
				en,
				Base,
			);
			mainGroup = 03A5353528A7795B0007BCCF;
			productRefGroup = 03A5353F28A7795B0007BCCF /* Products */;
			projectDirPath = "";
			projectRoot = "";
			targets = (
				03A5353D28A7795B0007BCCF /* Biom */,
			);
		};
/* End PBXProject section */

/* Begin PBXResourcesBuildPhase section */
		03A5353C28A7795B0007BCCF /* Resources */ = {
			isa = PBXResourcesBuildPhase;
			buildActionMask = 2147483647;
			files = (
				03A5354E28A7795C0007BCCF /* LaunchScreen.storyboard in Resources */,
				4919A8CB28A783E200B531C2 /* kakaologin.png in Resources */,
				03A5354B28A7795C0007BCCF /* Assets.xcassets in Resources */,
				4919A8CA28A783E200B531C2 /* naverlogin.png in Resources */,
				4919A8C628A7825800B531C2 /* main.png in Resources */,
				4919A8CE28A7844500B531C2 /* BIOMlaunch.png in Resources */,
				03A5354928A7795B0007BCCF /* Main.storyboard in Resources */,
				4919A8C228A7821900B531C2 /* search.png in Resources */,
				4919A8C528A7825800B531C2 /* map.png in Resources */,
				4919A8CC28A783E200B531C2 /* googlelogin.png in Resources */,
			);
			runOnlyForDeploymentPostprocessing = 0;
		};
/* End PBXResourcesBuildPhase section */

/* Begin PBXShellScriptBuildPhase section */
		389A377088FCD95777256D8F /* [CP] Check Pods Manifest.lock */ = {
			isa = PBXShellScriptBuildPhase;
			buildActionMask = 2147483647;
			files = (
			);
			inputFileListPaths = (
			);
			inputPaths = (
				"${PODS_PODFILE_DIR_PATH}/Podfile.lock",
				"${PODS_ROOT}/Manifest.lock",
			);
			name = "[CP] Check Pods Manifest.lock";
			outputFileListPaths = (
			);
			outputPaths = (
				"$(DERIVED_FILE_DIR)/Pods-Biom-checkManifestLockResult.txt",
			);
			runOnlyForDeploymentPostprocessing = 0;
			shellPath = /bin/sh;
			shellScript = "diff \"${PODS_PODFILE_DIR_PATH}/Podfile.lock\" \"${PODS_ROOT}/Manifest.lock\" > /dev/null\nif [ $? != 0 ] ; then\n    # print error to STDERR\n    echo \"error: The sandbox is not in sync with the Podfile.lock. Run 'pod install' or update your CocoaPods installation.\" >&2\n    exit 1\nfi\n# This output is used by Xcode 'outputs' to avoid re-running this script phase.\necho \"SUCCESS\" > \"${SCRIPT_OUTPUT_FILE_0}\"\n";
			showEnvVarsInLog = 0;
		};
		637D7D42E53082C0A2637ADD /* [CP] Embed Pods Frameworks */ = {
			isa = PBXShellScriptBuildPhase;
			buildActionMask = 2147483647;
			files = (
			);
			inputFileListPaths = (
				"${PODS_ROOT}/Target Support Files/Pods-Biom/Pods-Biom-frameworks-${CONFIGURATION}-input-files.xcfilelist",
			);
			name = "[CP] Embed Pods Frameworks";
			outputFileListPaths = (
				"${PODS_ROOT}/Target Support Files/Pods-Biom/Pods-Biom-frameworks-${CONFIGURATION}-output-files.xcfilelist",
			);
			runOnlyForDeploymentPostprocessing = 0;
			shellPath = /bin/sh;
			shellScript = "\"${PODS_ROOT}/Target Support Files/Pods-Biom/Pods-Biom-frameworks.sh\"\n";
			showEnvVarsInLog = 0;
		};
/* End PBXShellScriptBuildPhase section */

/* Begin PBXSourcesBuildPhase section */
		03A5353A28A7795B0007BCCF /* Sources */ = {
			isa = PBXSourcesBuildPhase;
			buildActionMask = 2147483647;
			files = (
				03A5354628A7795B0007BCCF /* ViewController.swift in Sources */,
				03A5354228A7795B0007BCCF /* AppDelegate.swift in Sources */,
				03A5354428A7795B0007BCCF /* SceneDelegate.swift in Sources */,
				49E3700428A7B32500E7EF07 /* MainViewController.swift in Sources */,
				49E3700028A78D1700E7EF07 /* SettingCell.swift in Sources */,
				4919A8D028A7891800B531C2 /* SettingViewController.swift in Sources */,
				49E3700628A8077200E7EF07 /* MapViewController.swift in Sources */,
			);
			runOnlyForDeploymentPostprocessing = 0;
		};
/* End PBXSourcesBuildPhase section */

/* Begin PBXVariantGroup section */
		03A5354728A7795B0007BCCF /* Main.storyboard */ = {
			isa = PBXVariantGroup;
			children = (
				03A5354828A7795B0007BCCF /* Base */,
			);
			name = Main.storyboard;
			sourceTree = "<group>";
		};
		03A5354C28A7795C0007BCCF /* LaunchScreen.storyboard */ = {
			isa = PBXVariantGroup;
			children = (
				03A5354D28A7795C0007BCCF /* Base */,
			);
			name = LaunchScreen.storyboard;
			sourceTree = "<group>";
		};
/* End PBXVariantGroup section */

/* Begin XCBuildConfiguration section */
		03A5355028A7795C0007BCCF /* Debug */ = {
			isa = XCBuildConfiguration;
			buildSettings = {
				ALWAYS_SEARCH_USER_PATHS = NO;
				CLANG_ANALYZER_NONNULL = YES;
				CLANG_ANALYZER_NUMBER_OBJECT_CONVERSION = YES_AGGRESSIVE;
				CLANG_CXX_LANGUAGE_STANDARD = "gnu++17";
				CLANG_CXX_LIBRARY = "libc++";
				CLANG_ENABLE_MODULES = YES;
				CLANG_ENABLE_OBJC_ARC = YES;
				CLANG_ENABLE_OBJC_WEAK = YES;
				CLANG_WARN_BLOCK_CAPTURE_AUTORELEASING = YES;
				CLANG_WARN_BOOL_CONVERSION = YES;
				CLANG_WARN_COMMA = YES;
				CLANG_WARN_CONSTANT_CONVERSION = YES;
				CLANG_WARN_DEPRECATED_OBJC_IMPLEMENTATIONS = YES;
				CLANG_WARN_DIRECT_OBJC_ISA_USAGE = YES_ERROR;
				CLANG_WARN_DOCUMENTATION_COMMENTS = YES;
				CLANG_WARN_EMPTY_BODY = YES;
				CLANG_WARN_ENUM_CONVERSION = YES;
				CLANG_WARN_INFINITE_RECURSION = YES;
				CLANG_WARN_INT_CONVERSION = YES;
				CLANG_WARN_NON_LITERAL_NULL_CONVERSION = YES;
				CLANG_WARN_OBJC_IMPLICIT_RETAIN_SELF = YES;
				CLANG_WARN_OBJC_LITERAL_CONVERSION = YES;
				CLANG_WARN_OBJC_ROOT_CLASS = YES_ERROR;
				CLANG_WARN_QUOTED_INCLUDE_IN_FRAMEWORK_HEADER = YES;
				CLANG_WARN_RANGE_LOOP_ANALYSIS = YES;
				CLANG_WARN_STRICT_PROTOTYPES = YES;
				CLANG_WARN_SUSPICIOUS_MOVE = YES;
				CLANG_WARN_UNGUARDED_AVAILABILITY = YES_AGGRESSIVE;
				CLANG_WARN_UNREACHABLE_CODE = YES;
				CLANG_WARN__DUPLICATE_METHOD_MATCH = YES;
				COPY_PHASE_STRIP = NO;
				DEBUG_INFORMATION_FORMAT = dwarf;
				ENABLE_STRICT_OBJC_MSGSEND = YES;
				ENABLE_TESTABILITY = YES;
				GCC_C_LANGUAGE_STANDARD = gnu11;
				GCC_DYNAMIC_NO_PIC = NO;
				GCC_NO_COMMON_BLOCKS = YES;
				GCC_OPTIMIZATION_LEVEL = 0;
				GCC_PREPROCESSOR_DEFINITIONS = (
					"DEBUG=1",
					"$(inherited)",
				);
				GCC_WARN_64_TO_32_BIT_CONVERSION = YES;
				GCC_WARN_ABOUT_RETURN_TYPE = YES_ERROR;
				GCC_WARN_UNDECLARED_SELECTOR = YES;
				GCC_WARN_UNINITIALIZED_AUTOS = YES_AGGRESSIVE;
				GCC_WARN_UNUSED_FUNCTION = YES;
				GCC_WARN_UNUSED_VARIABLE = YES;
				IPHONEOS_DEPLOYMENT_TARGET = 15.0;
				MTL_ENABLE_DEBUG_INFO = INCLUDE_SOURCE;
				MTL_FAST_MATH = YES;
				ONLY_ACTIVE_ARCH = YES;
				SDKROOT = iphoneos;
				SWIFT_ACTIVE_COMPILATION_CONDITIONS = DEBUG;
				SWIFT_OPTIMIZATION_LEVEL = "-Onone";
			};
			name = Debug;
		};
		03A5355128A7795C0007BCCF /* Release */ = {
			isa = XCBuildConfiguration;
			buildSettings = {
				ALWAYS_SEARCH_USER_PATHS = NO;
				CLANG_ANALYZER_NONNULL = YES;
				CLANG_ANALYZER_NUMBER_OBJECT_CONVERSION = YES_AGGRESSIVE;
				CLANG_CXX_LANGUAGE_STANDARD = "gnu++17";
				CLANG_CXX_LIBRARY = "libc++";
				CLANG_ENABLE_MODULES = YES;
				CLANG_ENABLE_OBJC_ARC = YES;
				CLANG_ENABLE_OBJC_WEAK = YES;
				CLANG_WARN_BLOCK_CAPTURE_AUTORELEASING = YES;
				CLANG_WARN_BOOL_CONVERSION = YES;
				CLANG_WARN_COMMA = YES;
				CLANG_WARN_CONSTANT_CONVERSION = YES;
				CLANG_WARN_DEPRECATED_OBJC_IMPLEMENTATIONS = YES;
				CLANG_WARN_DIRECT_OBJC_ISA_USAGE = YES_ERROR;
				CLANG_WARN_DOCUMENTATION_COMMENTS = YES;
				CLANG_WARN_EMPTY_BODY = YES;
				CLANG_WARN_ENUM_CONVERSION = YES;
				CLANG_WARN_INFINITE_RECURSION = YES;
				CLANG_WARN_INT_CONVERSION = YES;
				CLANG_WARN_NON_LITERAL_NULL_CONVERSION = YES;
				CLANG_WARN_OBJC_IMPLICIT_RETAIN_SELF = YES;
				CLANG_WARN_OBJC_LITERAL_CONVERSION = YES;
				CLANG_WARN_OBJC_ROOT_CLASS = YES_ERROR;
				CLANG_WARN_QUOTED_INCLUDE_IN_FRAMEWORK_HEADER = YES;
				CLANG_WARN_RANGE_LOOP_ANALYSIS = YES;
				CLANG_WARN_STRICT_PROTOTYPES = YES;
				CLANG_WARN_SUSPICIOUS_MOVE = YES;
				CLANG_WARN_UNGUARDED_AVAILABILITY = YES_AGGRESSIVE;
				CLANG_WARN_UNREACHABLE_CODE = YES;
				CLANG_WARN__DUPLICATE_METHOD_MATCH = YES;
				COPY_PHASE_STRIP = NO;
				DEBUG_INFORMATION_FORMAT = "dwarf-with-dsym";
				ENABLE_NS_ASSERTIONS = NO;
				ENABLE_STRICT_OBJC_MSGSEND = YES;
				GCC_C_LANGUAGE_STANDARD = gnu11;
				GCC_NO_COMMON_BLOCKS = YES;
				GCC_WARN_64_TO_32_BIT_CONVERSION = YES;
				GCC_WARN_ABOUT_RETURN_TYPE = YES_ERROR;
				GCC_WARN_UNDECLARED_SELECTOR = YES;
				GCC_WARN_UNINITIALIZED_AUTOS = YES_AGGRESSIVE;
				GCC_WARN_UNUSED_FUNCTION = YES;
				GCC_WARN_UNUSED_VARIABLE = YES;
				IPHONEOS_DEPLOYMENT_TARGET = 15.0;
				MTL_ENABLE_DEBUG_INFO = NO;
				MTL_FAST_MATH = YES;
				SDKROOT = iphoneos;
				SWIFT_COMPILATION_MODE = wholemodule;
				SWIFT_OPTIMIZATION_LEVEL = "-O";
				VALIDATE_PRODUCT = YES;
			};
			name = Release;
		};
		03A5355328A7795C0007BCCF /* Debug */ = {
			isa = XCBuildConfiguration;
			baseConfigurationReference = 72029358D5E50FE134A0816B /* Pods-Biom.debug.xcconfig */;
			buildSettings = {
				ASSETCATALOG_COMPILER_APPICON_NAME = AppIcon;
				ASSETCATALOG_COMPILER_GLOBAL_ACCENT_COLOR_NAME = AccentColor;
				CODE_SIGN_STYLE = Automatic;
				CURRENT_PROJECT_VERSION = 1;
				DEVELOPMENT_TEAM = RSF44CWACA;
				GENERATE_INFOPLIST_FILE = YES;
				INFOPLIST_FILE = Biom/Info.plist;
				INFOPLIST_KEY_NSLocationWhenInUseUsageDescription = "사용자의 위치를 받아오려고 합니다.";
				INFOPLIST_KEY_UIApplicationSupportsIndirectInputEvents = YES;
				INFOPLIST_KEY_UILaunchStoryboardName = LaunchScreen;
				INFOPLIST_KEY_UIMainStoryboardFile = Main;
				INFOPLIST_KEY_UISupportedInterfaceOrientations_iPad = "UIInterfaceOrientationPortrait UIInterfaceOrientationPortraitUpsideDown UIInterfaceOrientationLandscapeLeft UIInterfaceOrientationLandscapeRight";
				INFOPLIST_KEY_UISupportedInterfaceOrientations_iPhone = "UIInterfaceOrientationPortrait UIInterfaceOrientationLandscapeLeft UIInterfaceOrientationLandscapeRight";
				LD_RUNPATH_SEARCH_PATHS = (
					"$(inherited)",
					"@executable_path/Frameworks",
				);
				MARKETING_VERSION = 1.0;
				PRODUCT_BUNDLE_IDENTIFIER = heewon.Biom1;
				PRODUCT_NAME = "$(TARGET_NAME)";
				SWIFT_EMIT_LOC_STRINGS = YES;
				SWIFT_VERSION = 5.0;
				TARGETED_DEVICE_FAMILY = "1,2";
			};
			name = Debug;
		};
		03A5355428A7795C0007BCCF /* Release */ = {
			isa = XCBuildConfiguration;
			baseConfigurationReference = 592ABB5328143F73D9A066AB /* Pods-Biom.release.xcconfig */;
			buildSettings = {
				ASSETCATALOG_COMPILER_APPICON_NAME = AppIcon;
				ASSETCATALOG_COMPILER_GLOBAL_ACCENT_COLOR_NAME = AccentColor;
				CODE_SIGN_STYLE = Automatic;
				CURRENT_PROJECT_VERSION = 1;
				DEVELOPMENT_TEAM = RSF44CWACA;
				GENERATE_INFOPLIST_FILE = YES;
				INFOPLIST_FILE = Biom/Info.plist;
				INFOPLIST_KEY_NSLocationWhenInUseUsageDescription = "사용자의 위치를 받아오려고 합니다.";
				INFOPLIST_KEY_UIApplicationSupportsIndirectInputEvents = YES;
				INFOPLIST_KEY_UILaunchStoryboardName = LaunchScreen;
				INFOPLIST_KEY_UIMainStoryboardFile = Main;
				INFOPLIST_KEY_UISupportedInterfaceOrientations_iPad = "UIInterfaceOrientationPortrait UIInterfaceOrientationPortraitUpsideDown UIInterfaceOrientationLandscapeLeft UIInterfaceOrientationLandscapeRight";
				INFOPLIST_KEY_UISupportedInterfaceOrientations_iPhone = "UIInterfaceOrientationPortrait UIInterfaceOrientationLandscapeLeft UIInterfaceOrientationLandscapeRight";
				LD_RUNPATH_SEARCH_PATHS = (
					"$(inherited)",
					"@executable_path/Frameworks",
				);
				MARKETING_VERSION = 1.0;
				PRODUCT_BUNDLE_IDENTIFIER = heewon.Biom1;
				PRODUCT_NAME = "$(TARGET_NAME)";
				SWIFT_EMIT_LOC_STRINGS = YES;
				SWIFT_VERSION = 5.0;
				TARGETED_DEVICE_FAMILY = "1,2";
			};
			name = Release;
		};
/* End XCBuildConfiguration section */

/* Begin XCConfigurationList section */
		03A5353928A7795B0007BCCF /* Build configuration list for PBXProject "Biom" */ = {
			isa = XCConfigurationList;
			buildConfigurations = (
				03A5355028A7795C0007BCCF /* Debug */,
				03A5355128A7795C0007BCCF /* Release */,
			);
			defaultConfigurationIsVisible = 0;
			defaultConfigurationName = Release;
		};
		03A5355228A7795C0007BCCF /* Build configuration list for PBXNativeTarget "Biom" */ = {
			isa = XCConfigurationList;
			buildConfigurations = (
				03A5355328A7795C0007BCCF /* Debug */,
				03A5355428A7795C0007BCCF /* Release */,
			);
			defaultConfigurationIsVisible = 0;
			defaultConfigurationName = Release;
		};
/* End XCConfigurationList section */
	};
	rootObject = 03A5353628A7795B0007BCCF /* Project object */;
}
